
Microsoft Visual Studio Solution File, Format Version 12.00
# Visual Studio Version 16
VisualStudioVersion = 16.0.29920.165
MinimumVisualStudioVersion = 10.0.40219.1
Project("{FAE04EC0-301F-11D3-BF4B-00C04F79EFBC}") = "Carlos", "Carlos\Carlos.csproj", "{B50D7DC7-F6B0-4062-9010-9CEC7C88945B}"
EndProject
Global
	GlobalSection(SolutionConfigurationPlatforms) = preSolution
		Debug|Any CPU = Debug|Any CPU
		Release|Any CPU = Release|Any CPU
	EndGlobalSection
	GlobalSection(ProjectConfigurationPlatforms) = postSolution
		{B50D7DC7-F6B0-4062-9010-9CEC7C88945B}.Debug|Any CPU.ActiveCfg = Debug|Any CPU
		{B50D7DC7-F6B0-4062-9010-9CEC7C88945B}.Debug|Any CPU.Build.0 = Debug|Any CPU
		{B50D7DC7-F6B0-4062-9010-9CEC7C88945B}.Release|Any CPU.ActiveCfg = Release|Any CPU
		{B50D7DC7-F6B0-4062-9010-9CEC7C88945B}.Release|Any CPU.Build.0 = Release|Any CPU
	EndGlobalSection
	GlobalSection(SolutionProperties) = preSolution
		HideSolutionNode = FALSE
	EndGlobalSection
	GlobalSection(ExtensibilityGlobals) = postSolution
		SolutionGuid = {BB99526D-3D70-4C9B-BCCB-5FE195072524}
	EndGlobalSection
EndGlobal
